{
  "version": 4,
  "terraform_version": "1.12.2",
  "serial": 8,
  "lineage": "6ad21f8f-6222-7740-b4ba-411dab272a42",
  "outputs": {},
  "resources": [
    {
      "mode": "managed",
      "type": "proxmox_virtual_environment_download_file",
      "name": "ubuntu_cloud_image",
      "provider": "provider[\"registry.terraform.io/bpg/proxmox\"]",
      "instances": [
        {
          "schema_version": 0,
          "attributes": {
            "checksum": null,
            "checksum_algorithm": null,
            "content_type": "iso",
            "datastore_id": "local",
            "decompression_algorithm": null,
            "file_name": "noble-server-cloudimg-amd64.img",
            "id": "local:iso/noble-server-cloudimg-amd64.img",
            "node_name": "pve00",
            "overwrite": true,
            "overwrite_unmanaged": false,
            "size": 618925568,
            "upload_timeout": 600,
            "url": "https://cloud-images.ubuntu.com/noble/current/noble-server-cloudimg-amd64.img",
            "verify": true
          },
          "sensitive_attributes": [],
          "identity_schema_version": 0,
          "private": "eyJvcmlnaW5hbF9zdGF0ZV9zaXplIjoiTmpFNE9USTFOVFk0In0="
        }
      ]
    }
  ],
  "check_results": null
}
